# This file was autogenerated by Stack.
# You should not edit this file by hand.
# For more information, please see the documentation at:
#   https://docs.haskellstack.org/en/stable/topics/lock_files

packages:
- completed:
    hackage: monomer-1.6.0.1@sha256:ebb40b3dacbef7f6758b96b7af5e0f0dfc30eb3f81331cca5196402dd11c0534,17587
    pantry-tree:
      sha256: c21a65ffd24c372a9b44b57d7b3ffb27b64b1a426dd946bcd5ce686d9ecab172
      size: 15189
  original:
    hackage: monomer-1.6.0.1
- completed:
    hackage: sdl2-2.5.5.0@sha256:9d1125181e651518ea960738266e3cef98c0c4fa2d5f9c35e67f4b0f87fd1464,12695
    pantry-tree:
      sha256: edba7eb6774cf869abc597f518e0491473cfbee2a91bc7416e25b7447730b335
      size: 6641
  original:
    hackage: sdl2-2.5.5.0
snapshots:
- completed:
    sha256: dd89d2322cb5af74c6ab9d96c0c5f6c8e6653e0c991d619b4bb141a49cb98668
    size: 679282
    url: https://raw.githubusercontent.com/commercialhaskell/stackage-snapshots/master/lts/23/3.yaml
  original:
    url: https://raw.githubusercontent.com/commercialhaskell/stackage-snapshots/master/lts/23/3.yaml
